
Microsoft Visual Studio Solution File, Format Version 12.00
# Visual Studio Version 16
VisualStudioVersion = 16.0.30907.101
MinimumVisualStudioVersion = 10.0.40219.1
Project("{FAE04EC0-301F-11D3-BF4B-00C04F79EFBC}") = "CustomPsModule", "CustomPsModule.csproj", "{BF3D86DD-DCCC-48BD-961D-A7EC4EBBE354}"
EndProject
Global
	GlobalSection(SolutionConfigurationPlatforms) = preSolution
		Debug|Any CPU = Debug|Any CPU
		Release|Any CPU = Release|Any CPU
	EndGlobalSection
	GlobalSection(ProjectConfigurationPlatforms) = postSolution
		{BF3D86DD-DCCC-48BD-961D-A7EC4EBBE354}.Debug|Any CPU.ActiveCfg = Debug|Any CPU
		{BF3D86DD-DCCC-48BD-961D-A7EC4EBBE354}.Debug|Any CPU.Build.0 = Debug|Any CPU
		{BF3D86DD-DCCC-48BD-961D-A7EC4EBBE354}.Release|Any CPU.ActiveCfg = Release|Any CPU
		{BF3D86DD-DCCC-48BD-961D-A7EC4EBBE354}.Release|Any CPU.Build.0 = Release|Any CPU
	EndGlobalSection
	GlobalSection(SolutionProperties) = preSolution
		HideSolutionNode = FALSE
	EndGlobalSection
	GlobalSection(ExtensibilityGlobals) = postSolution
		SolutionGuid = {C4A1EBC5-9DF1-4912-B01F-4DFFD692937F}
	EndGlobalSection
EndGlobal
